// !$*UTF8*$!
{
	archiveVersion = 1;
	classes = {
	};
	objectVersion = 46;
	objects = {

/* Begin PBXBuildFile section */
		4366C73A51C790A66E547A12 /* libPods.a in Frameworks */ = {isa = PBXBuildFile; fileRef = 8F0F6DE1C58207E8E8E7BE9F /* libPods.a */; };
		594F0DA31BBA634D0000DFCB /* main.m in Sources */ = {isa = PBXBuildFile; fileRef = 594F0DA21BBA634D0000DFCB /* main.m */; };
		594F0DA61BBA634D0000DFCB /* AppDelegate.m in Sources */ = {isa = PBXBuildFile; fileRef = 594F0DA51BBA634D0000DFCB /* AppDelegate.m */; };
		594F0DA91BBA634D0000DFCB /* ViewController.m in Sources */ = {isa = PBXBuildFile; fileRef = 594F0DA81BBA634D0000DFCB /* ViewController.m */; };
		594F0DAC1BBA634D0000DFCB /* Main.storyboard in Resources */ = {isa = PBXBuildFile; fileRef = 594F0DAA1BBA634D0000DFCB /* Main.storyboard */; };
		594F0DAE1BBA634D0000DFCB /* Images.xcassets in Resources */ = {isa = PBXBuildFile; fileRef = 594F0DAD1BBA634D0000DFCB /* Images.xcassets */; };
		594F0DB11BBA634D0000DFCB /* LaunchScreen.xib in Resources */ = {isa = PBXBuildFile; fileRef = 594F0DAF1BBA634D0000DFCB /* LaunchScreen.xib */; };
		594F0DBD1BBA634D0000DFCB /* JDDemoTests.m in Sources */ = {isa = PBXBuildFile; fileRef = 594F0DBC1BBA634D0000DFCB /* JDDemoTests.m */; };
		594F0DDB1BBA65530000DFCB /* NSDate+JDUtils.m in Sources */ = {isa = PBXBuildFile; fileRef = 594F0DC91BBA65530000DFCB /* NSDate+JDUtils.m */; };
		594F0DDC1BBA65530000DFCB /* NSString+JDUtils.m in Sources */ = {isa = PBXBuildFile; fileRef = 594F0DCB1BBA65530000DFCB /* NSString+JDUtils.m */; };
		594F0DDD1BBA65530000DFCB /* UIButton+JDUtils.m in Sources */ = {isa = PBXBuildFile; fileRef = 594F0DCD1BBA65530000DFCB /* UIButton+JDUtils.m */; };
		594F0DDE1BBA65530000DFCB /* UIImage+JDUtils.m in Sources */ = {isa = PBXBuildFile; fileRef = 594F0DCF1BBA65530000DFCB /* UIImage+JDUtils.m */; };
		594F0DDF1BBA65530000DFCB /* UIView+JDUtils.m in Sources */ = {isa = PBXBuildFile; fileRef = 594F0DD11BBA65530000DFCB /* UIView+JDUtils.m */; };
		594F0DE01BBA65530000DFCB /* UIViewController+JDUtils.m in Sources */ = {isa = PBXBuildFile; fileRef = 594F0DD31BBA65530000DFCB /* UIViewController+JDUtils.m */; };
		594F0DE11BBA65530000DFCB /* JDMisc.m in Sources */ = {isa = PBXBuildFile; fileRef = 594F0DD81BBA65530000DFCB /* JDMisc.m */; };
		594F0DE51BBA7B910000DFCB /* JDMessageCenter.m in Sources */ = {isa = PBXBuildFile; fileRef = 594F0DE41BBA7B910000DFCB /* JDMessageCenter.m */; };
		59D909C71BF5FD740070B13F /* JDDemoTableViewController.m in Sources */ = {isa = PBXBuildFile; fileRef = 59D909C61BF5FD740070B13F /* JDDemoTableViewController.m */; };
		59DDDE671BF6D55F000920E3 /* UIDevice+JDUtils.m in Sources */ = {isa = PBXBuildFile; fileRef = 59DDDE661BF6D55F000920E3 /* UIDevice+JDUtils.m */; };
		59DF3CF81BF339F800572C4D /* JDNetworkRequest.m in Sources */ = {isa = PBXBuildFile; fileRef = 59DF3CF71BF339F800572C4D /* JDNetworkRequest.m */; };
		7CFAC26A1BEF885B00CF5988 /* UINavigationController+JDUtils.m in Sources */ = {isa = PBXBuildFile; fileRef = 7CFAC2691BEF885B00CF5988 /* UINavigationController+JDUtils.m */; };
/* End PBXBuildFile section */

/* Begin PBXContainerItemProxy section */
		594F0DB71BBA634D0000DFCB /* PBXContainerItemProxy */ = {
			isa = PBXContainerItemProxy;
			containerPortal = 594F0D951BBA634D0000DFCB /* Project object */;
			proxyType = 1;
			remoteGlobalIDString = 594F0D9C1BBA634D0000DFCB;
			remoteInfo = JDDemo;
		};
/* End PBXContainerItemProxy section */

/* Begin PBXFileReference section */
		1A0A4D42A13AD5FB06E7B052 /* Pods.debug.xcconfig */ = {isa = PBXFileReference; includeInIndex = 1; lastKnownFileType = text.xcconfig; name = Pods.debug.xcconfig; path = "Pods/Target Support Files/Pods/Pods.debug.xcconfig"; sourceTree = "<group>"; };
		594F0D9D1BBA634D0000DFCB /* JDDemo.app */ = {isa = PBXFileReference; explicitFileType = wrapper.application; includeInIndex = 0; path = JDDemo.app; sourceTree = BUILT_PRODUCTS_DIR; };
		594F0DA11BBA634D0000DFCB /* Info.plist */ = {isa = PBXFileReference; lastKnownFileType = text.plist.xml; path = Info.plist; sourceTree = "<group>"; };
		594F0DA21BBA634D0000DFCB /* main.m */ = {isa = PBXFileReference; lastKnownFileType = sourcecode.c.objc; path = main.m; sourceTree = "<group>"; };
		594F0DA41BBA634D0000DFCB /* AppDelegate.h */ = {isa = PBXFileReference; lastKnownFileType = sourcecode.c.h; path = AppDelegate.h; sourceTree = "<group>"; };
		594F0DA51BBA634D0000DFCB /* AppDelegate.m */ = {isa = PBXFileReference; lastKnownFileType = sourcecode.c.objc; path = AppDelegate.m; sourceTree = "<group>"; };
		594F0DA71BBA634D0000DFCB /* ViewController.h */ = {isa = PBXFileReference; lastKnownFileType = sourcecode.c.h; path = ViewController.h; sourceTree = "<group>"; };
		594F0DA81BBA634D0000DFCB /* ViewController.m */ = {isa = PBXFileReference; lastKnownFileType = sourcecode.c.objc; path = ViewController.m; sourceTree = "<group>"; };
		594F0DAB1BBA634D0000DFCB /* Base */ = {isa = PBXFileReference; lastKnownFileType = file.storyboard; name = Base; path = Base.lproj/Main.storyboard; sourceTree = "<group>"; };
		594F0DAD1BBA634D0000DFCB /* Images.xcassets */ = {isa = PBXFileReference; lastKnownFileType = folder.assetcatalog; path = Images.xcassets; sourceTree = "<group>"; };
		594F0DB01BBA634D0000DFCB /* Base */ = {isa = PBXFileReference; lastKnownFileType = file.xib; name = Base; path = Base.lproj/LaunchScreen.xib; sourceTree = "<group>"; };
		594F0DB61BBA634D0000DFCB /* JDDemoTests.xctest */ = {isa = PBXFileReference; explicitFileType = wrapper.cfbundle; includeInIndex = 0; path = JDDemoTests.xctest; sourceTree = BUILT_PRODUCTS_DIR; };
		594F0DBB1BBA634D0000DFCB /* Info.plist */ = {isa = PBXFileReference; lastKnownFileType = text.plist.xml; path = Info.plist; sourceTree = "<group>"; };
		594F0DBC1BBA634D0000DFCB /* JDDemoTests.m */ = {isa = PBXFileReference; lastKnownFileType = sourcecode.c.objc; path = JDDemoTests.m; sourceTree = "<group>"; };
		594F0DC81BBA65530000DFCB /* NSDate+JDUtils.h */ = {isa = PBXFileReference; fileEncoding = 4; lastKnownFileType = sourcecode.c.h; path = "NSDate+JDUtils.h"; sourceTree = "<group>"; };
		594F0DC91BBA65530000DFCB /* NSDate+JDUtils.m */ = {isa = PBXFileReference; fileEncoding = 4; lastKnownFileType = sourcecode.c.objc; path = "NSDate+JDUtils.m"; sourceTree = "<group>"; };
		594F0DCA1BBA65530000DFCB /* NSString+JDUtils.h */ = {isa = PBXFileReference; fileEncoding = 4; lastKnownFileType = sourcecode.c.h; path = "NSString+JDUtils.h"; sourceTree = "<group>"; };
		594F0DCB1BBA65530000DFCB /* NSString+JDUtils.m */ = {isa = PBXFileReference; fileEncoding = 4; lastKnownFileType = sourcecode.c.objc; path = "NSString+JDUtils.m"; sourceTree = "<group>"; };
		594F0DCC1BBA65530000DFCB /* UIButton+JDUtils.h */ = {isa = PBXFileReference; fileEncoding = 4; lastKnownFileType = sourcecode.c.h; path = "UIButton+JDUtils.h"; sourceTree = "<group>"; };
		594F0DCD1BBA65530000DFCB /* UIButton+JDUtils.m */ = {isa = PBXFileReference; fileEncoding = 4; lastKnownFileType = sourcecode.c.objc; path = "UIButton+JDUtils.m"; sourceTree = "<group>"; };
		594F0DCE1BBA65530000DFCB /* UIImage+JDUtils.h */ = {isa = PBXFileReference; fileEncoding = 4; lastKnownFileType = sourcecode.c.h; path = "UIImage+JDUtils.h"; sourceTree = "<group>"; };
		594F0DCF1BBA65530000DFCB /* UIImage+JDUtils.m */ = {isa = PBXFileReference; fileEncoding = 4; lastKnownFileType = sourcecode.c.objc; path = "UIImage+JDUtils.m"; sourceTree = "<group>"; };
		594F0DD01BBA65530000DFCB /* UIView+JDUtils.h */ = {isa = PBXFileReference; fileEncoding = 4; lastKnownFileType = sourcecode.c.h; path = "UIView+JDUtils.h"; sourceTree = "<group>"; };
		594F0DD11BBA65530000DFCB /* UIView+JDUtils.m */ = {isa = PBXFileReference; fileEncoding = 4; lastKnownFileType = sourcecode.c.objc; path = "UIView+JDUtils.m"; sourceTree = "<group>"; };
		594F0DD21BBA65530000DFCB /* UIViewController+JDUtils.h */ = {isa = PBXFileReference; fileEncoding = 4; lastKnownFileType = sourcecode.c.h; path = "UIViewController+JDUtils.h"; sourceTree = "<group>"; };
		594F0DD31BBA65530000DFCB /* UIViewController+JDUtils.m */ = {isa = PBXFileReference; fileEncoding = 4; lastKnownFileType = sourcecode.c.objc; path = "UIViewController+JDUtils.m"; sourceTree = "<group>"; };
		594F0DD41BBA65530000DFCB /* JDUtils.h */ = {isa = PBXFileReference; fileEncoding = 4; lastKnownFileType = sourcecode.c.h; path = JDUtils.h; sourceTree = "<group>"; };
		594F0DD61BBA65530000DFCB /* JDDefault.h */ = {isa = PBXFileReference; fileEncoding = 4; lastKnownFileType = sourcecode.c.h; path = JDDefault.h; sourceTree = "<group>"; };
		594F0DD71BBA65530000DFCB /* JDMisc.h */ = {isa = PBXFileReference; fileEncoding = 4; lastKnownFileType = sourcecode.c.h; path = JDMisc.h; sourceTree = "<group>"; };
		594F0DD81BBA65530000DFCB /* JDMisc.m */ = {isa = PBXFileReference; fileEncoding = 4; lastKnownFileType = sourcecode.c.objc; path = JDMisc.m; sourceTree = "<group>"; };
		594F0DE31BBA7B910000DFCB /* JDMessageCenter.h */ = {isa = PBXFileReference; fileEncoding = 4; lastKnownFileType = sourcecode.c.h; path = JDMessageCenter.h; sourceTree = "<group>"; };
		594F0DE41BBA7B910000DFCB /* JDMessageCenter.m */ = {isa = PBXFileReference; fileEncoding = 4; lastKnownFileType = sourcecode.c.objc; path = JDMessageCenter.m; sourceTree = "<group>"; };
		59D909C51BF5FD740070B13F /* JDDemoTableViewController.h */ = {isa = PBXFileReference; fileEncoding = 4; lastKnownFileType = sourcecode.c.h; path = JDDemoTableViewController.h; sourceTree = "<group>"; };
		59D909C61BF5FD740070B13F /* JDDemoTableViewController.m */ = {isa = PBXFileReference; fileEncoding = 4; lastKnownFileType = sourcecode.c.objc; path = JDDemoTableViewController.m; sourceTree = "<group>"; };
		59DDDE651BF6D55F000920E3 /* UIDevice+JDUtils.h */ = {isa = PBXFileReference; fileEncoding = 4; lastKnownFileType = sourcecode.c.h; path = "UIDevice+JDUtils.h"; sourceTree = "<group>"; };
		59DDDE661BF6D55F000920E3 /* UIDevice+JDUtils.m */ = {isa = PBXFileReference; fileEncoding = 4; lastKnownFileType = sourcecode.c.objc; path = "UIDevice+JDUtils.m"; sourceTree = "<group>"; };
		59DF3CF61BF339F800572C4D /* JDNetworkRequest.h */ = {isa = PBXFileReference; fileEncoding = 4; lastKnownFileType = sourcecode.c.h; path = JDNetworkRequest.h; sourceTree = "<group>"; };
		59DF3CF71BF339F800572C4D /* JDNetworkRequest.m */ = {isa = PBXFileReference; fileEncoding = 4; lastKnownFileType = sourcecode.c.objc; path = JDNetworkRequest.m; sourceTree = "<group>"; };
		7CFAC2681BEF885B00CF5988 /* UINavigationController+JDUtils.h */ = {isa = PBXFileReference; fileEncoding = 4; lastKnownFileType = sourcecode.c.h; path = "UINavigationController+JDUtils.h"; sourceTree = "<group>"; };
		7CFAC2691BEF885B00CF5988 /* UINavigationController+JDUtils.m */ = {isa = PBXFileReference; fileEncoding = 4; lastKnownFileType = sourcecode.c.objc; path = "UINavigationController+JDUtils.m"; sourceTree = "<group>"; };
		8F0F6DE1C58207E8E8E7BE9F /* libPods.a */ = {isa = PBXFileReference; explicitFileType = archive.ar; includeInIndex = 0; path = libPods.a; sourceTree = BUILT_PRODUCTS_DIR; };
		D4928E19DD71DE72A3868E9E /* Pods.release.xcconfig */ = {isa = PBXFileReference; includeInIndex = 1; lastKnownFileType = text.xcconfig; name = Pods.release.xcconfig; path = "Pods/Target Support Files/Pods/Pods.release.xcconfig"; sourceTree = "<group>"; };
/* End PBXFileReference section */

/* Begin PBXFrameworksBuildPhase section */
		594F0D9A1BBA634D0000DFCB /* Frameworks */ = {
			isa = PBXFrameworksBuildPhase;
			buildActionMask = 2147483647;
			files = (
				4366C73A51C790A66E547A12 /* libPods.a in Frameworks */,
			);
			runOnlyForDeploymentPostprocessing = 0;
		};
		594F0DB31BBA634D0000DFCB /* Frameworks */ = {
			isa = PBXFrameworksBuildPhase;
			buildActionMask = 2147483647;
			files = (
			);
			runOnlyForDeploymentPostprocessing = 0;
		};
/* End PBXFrameworksBuildPhase section */

/* Begin PBXGroup section */
		594F0D941BBA634D0000DFCB = {
			isa = PBXGroup;
			children = (
				594F0D9F1BBA634D0000DFCB /* JDDemo */,
				594F0DB91BBA634D0000DFCB /* JDDemoTests */,
				594F0D9E1BBA634D0000DFCB /* Products */,
				C88DE3C84D55C5CD243E3476 /* Pods */,
				6085DCC77792A4CA7DC517C9 /* Frameworks */,
			);
			sourceTree = "<group>";
		};
		594F0D9E1BBA634D0000DFCB /* Products */ = {
			isa = PBXGroup;
			children = (
				594F0D9D1BBA634D0000DFCB /* JDDemo.app */,
				594F0DB61BBA634D0000DFCB /* JDDemoTests.xctest */,
			);
			name = Products;
			sourceTree = "<group>";
		};
		594F0D9F1BBA634D0000DFCB /* JDDemo */ = {
			isa = PBXGroup;
			children = (
				59DF3CF51BF339C400572C4D /* Demo */,
				594F0DC61BBA65530000DFCB /* JDUtils */,
				594F0DA41BBA634D0000DFCB /* AppDelegate.h */,
				594F0DA51BBA634D0000DFCB /* AppDelegate.m */,
				594F0DA71BBA634D0000DFCB /* ViewController.h */,
				594F0DA81BBA634D0000DFCB /* ViewController.m */,
				594F0DAA1BBA634D0000DFCB /* Main.storyboard */,
				594F0DAD1BBA634D0000DFCB /* Images.xcassets */,
				594F0DAF1BBA634D0000DFCB /* LaunchScreen.xib */,
				594F0DA01BBA634D0000DFCB /* Supporting Files */,
				59D909C51BF5FD740070B13F /* JDDemoTableViewController.h */,
				59D909C61BF5FD740070B13F /* JDDemoTableViewController.m */,
			);
			path = JDDemo;
			sourceTree = "<group>";
		};
		594F0DA01BBA634D0000DFCB /* Supporting Files */ = {
			isa = PBXGroup;
			children = (
				594F0DA11BBA634D0000DFCB /* Info.plist */,
				594F0DA21BBA634D0000DFCB /* main.m */,
			);
			name = "Supporting Files";
			sourceTree = "<group>";
		};
		594F0DB91BBA634D0000DFCB /* JDDemoTests */ = {
			isa = PBXGroup;
			children = (
				594F0DBC1BBA634D0000DFCB /* JDDemoTests.m */,
				594F0DBA1BBA634D0000DFCB /* Supporting Files */,
			);
			path = JDDemoTests;
			sourceTree = "<group>";
		};
		594F0DBA1BBA634D0000DFCB /* Supporting Files */ = {
			isa = PBXGroup;
			children = (
				594F0DBB1BBA634D0000DFCB /* Info.plist */,
			);
			name = "Supporting Files";
			sourceTree = "<group>";
		};
		594F0DC61BBA65530000DFCB /* JDUtils */ = {
			isa = PBXGroup;
			children = (
				594F0DD41BBA65530000DFCB /* JDUtils.h */,
				594F0DC71BBA65530000DFCB /* Category */,
				594F0DD51BBA65530000DFCB /* Misc */,
			);
			path = JDUtils;
			sourceTree = "<group>";
		};
		594F0DC71BBA65530000DFCB /* Category */ = {
			isa = PBXGroup;
			children = (
				59DDDE651BF6D55F000920E3 /* UIDevice+JDUtils.h */,
				59DDDE661BF6D55F000920E3 /* UIDevice+JDUtils.m */,
				594F0DC81BBA65530000DFCB /* NSDate+JDUtils.h */,
				594F0DC91BBA65530000DFCB /* NSDate+JDUtils.m */,
				594F0DCA1BBA65530000DFCB /* NSString+JDUtils.h */,
				594F0DCB1BBA65530000DFCB /* NSString+JDUtils.m */,
				594F0DCC1BBA65530000DFCB /* UIButton+JDUtils.h */,
				594F0DCD1BBA65530000DFCB /* UIButton+JDUtils.m */,
				594F0DCE1BBA65530000DFCB /* UIImage+JDUtils.h */,
				594F0DCF1BBA65530000DFCB /* UIImage+JDUtils.m */,
				594F0DD01BBA65530000DFCB /* UIView+JDUtils.h */,
				594F0DD11BBA65530000DFCB /* UIView+JDUtils.m */,
				594F0DD21BBA65530000DFCB /* UIViewController+JDUtils.h */,
				594F0DD31BBA65530000DFCB /* UIViewController+JDUtils.m */,
				7CFAC2681BEF885B00CF5988 /* UINavigationController+JDUtils.h */,
				7CFAC2691BEF885B00CF5988 /* UINavigationController+JDUtils.m */,
			);
			path = Category;
			sourceTree = "<group>";
		};
		594F0DD51BBA65530000DFCB /* Misc */ = {
			isa = PBXGroup;
			children = (
				594F0DD61BBA65530000DFCB /* JDDefault.h */,
				594F0DD71BBA65530000DFCB /* JDMisc.h */,
				594F0DD81BBA65530000DFCB /* JDMisc.m */,
				594F0DE31BBA7B910000DFCB /* JDMessageCenter.h */,
				594F0DE41BBA7B910000DFCB /* JDMessageCenter.m */,
			);
			path = Misc;
			sourceTree = "<group>";
		};
		59DF3CF51BF339C400572C4D /* Demo */ = {
			isa = PBXGroup;
			children = (
				59DF3CF61BF339F800572C4D /* JDNetworkRequest.h */,
				59DF3CF71BF339F800572C4D /* JDNetworkRequest.m */,
			);
			path = Demo;
			sourceTree = "<group>";
		};
		6085DCC77792A4CA7DC517C9 /* Frameworks */ = {
			isa = PBXGroup;
			children = (
				8F0F6DE1C58207E8E8E7BE9F /* libPods.a */,
			);
			name = Frameworks;
			sourceTree = "<group>";
		};
		C88DE3C84D55C5CD243E3476 /* Pods */ = {
			isa = PBXGroup;
			children = (
				1A0A4D42A13AD5FB06E7B052 /* Pods.debug.xcconfig */,
				D4928E19DD71DE72A3868E9E /* Pods.release.xcconfig */,
			);
			name = Pods;
			sourceTree = "<group>";
		};
/* End PBXGroup section */

/* Begin PBXNativeTarget section */
		594F0D9C1BBA634D0000DFCB /* JDDemo */ = {
			isa = PBXNativeTarget;
			buildConfigurationList = 594F0DC01BBA634D0000DFCB /* Build configuration list for PBXNativeTarget "JDDemo" */;
			buildPhases = (
				10B819DD1781B2DBDE5AAD51 /* Check Pods Manifest.lock */,
				594F0D991BBA634D0000DFCB /* Sources */,
				594F0D9A1BBA634D0000DFCB /* Frameworks */,
				594F0D9B1BBA634D0000DFCB /* Resources */,
				BDC8B2120B65CDF8B3463BAC /* Copy Pods Resources */,
				65D0063F285BB796EBB4C0B6 /* Embed Pods Frameworks */,
			);
			buildRules = (
			);
			dependencies = (
			);
			name = JDDemo;
			productName = JDDemo;
			productReference = 594F0D9D1BBA634D0000DFCB /* JDDemo.app */;
			productType = "com.apple.product-type.application";
		};
		594F0DB51BBA634D0000DFCB /* JDDemoTests */ = {
			isa = PBXNativeTarget;
			buildConfigurationList = 594F0DC31BBA634D0000DFCB /* Build configuration list for PBXNativeTarget "JDDemoTests" */;
			buildPhases = (
				594F0DB21BBA634D0000DFCB /* Sources */,
				594F0DB31BBA634D0000DFCB /* Frameworks */,
				594F0DB41BBA634D0000DFCB /* Resources */,
			);
			buildRules = (
			);
			dependencies = (
				594F0DB81BBA634D0000DFCB /* PBXTargetDependency */,
			);
			name = JDDemoTests;
			productName = JDDemoTests;
			productReference = 594F0DB61BBA634D0000DFCB /* JDDemoTests.xctest */;
			productType = "com.apple.product-type.bundle.unit-test";
		};
/* End PBXNativeTarget section */

/* Begin PBXProject section */
		594F0D951BBA634D0000DFCB /* Project object */ = {
			isa = PBXProject;
			attributes = {
				LastUpgradeCheck = 0640;
				ORGANIZATIONNAME = jiandan;
				TargetAttributes = {
					594F0D9C1BBA634D0000DFCB = {
						CreatedOnToolsVersion = 6.4;
					};
					594F0DB51BBA634D0000DFCB = {
						CreatedOnToolsVersion = 6.4;
						TestTargetID = 594F0D9C1BBA634D0000DFCB;
					};
				};
			};
			buildConfigurationList = 594F0D981BBA634D0000DFCB /* Build configuration list for PBXProject "JDDemo" */;
			compatibilityVersion = "Xcode 3.2";
			developmentRegion = English;
			hasScannedForEncodings = 0;
			knownRegions = (
				en,
				Base,
			);
			mainGroup = 594F0D941BBA634D0000DFCB;
			productRefGroup = 594F0D9E1BBA634D0000DFCB /* Products */;
			projectDirPath = "";
			projectRoot = "";
			targets = (
				594F0D9C1BBA634D0000DFCB /* JDDemo */,
				594F0DB51BBA634D0000DFCB /* JDDemoTests */,
			);
		};
/* End PBXProject section */

/* Begin PBXResourcesBuildPhase section */
		594F0D9B1BBA634D0000DFCB /* Resources */ = {
			isa = PBXResourcesBuildPhase;
			buildActionMask = 2147483647;
			files = (
				594F0DAC1BBA634D0000DFCB /* Main.storyboard in Resources */,
				594F0DB11BBA634D0000DFCB /* LaunchScreen.xib in Resources */,
				594F0DAE1BBA634D0000DFCB /* Images.xcassets in Resources */,
			);
			runOnlyForDeploymentPostprocessing = 0;
		};
		594F0DB41BBA634D0000DFCB /* Resources */ = {
			isa = PBXResourcesBuildPhase;
			buildActionMask = 2147483647;
			files = (
			);
			runOnlyForDeploymentPostprocessing = 0;
		};
/* End PBXResourcesBuildPhase section */

/* Begin PBXShellScriptBuildPhase section */
		10B819DD1781B2DBDE5AAD51 /* Check Pods Manifest.lock */ = {
			isa = PBXShellScriptBuildPhase;
			buildActionMask = 2147483647;
			files = (
			);
			inputPaths = (
			);
			name = "Check Pods Manifest.lock";
			outputPaths = (
			);
			runOnlyForDeploymentPostprocessing = 0;
			shellPath = /bin/sh;
			shellScript = "diff \"${PODS_ROOT}/../Podfile.lock\" \"${PODS_ROOT}/Manifest.lock\" > /dev/null\nif [[ $? != 0 ]] ; then\n    cat << EOM\nerror: The sandbox is not in sync with the Podfile.lock. Run 'pod install' or update your CocoaPods installation.\nEOM\n    exit 1\nfi\n";
			showEnvVarsInLog = 0;
		};
		65D0063F285BB796EBB4C0B6 /* Embed Pods Frameworks */ = {
			isa = PBXShellScriptBuildPhase;
			buildActionMask = 2147483647;
			files = (
			);
			inputPaths = (
			);
			name = "Embed Pods Frameworks";
			outputPaths = (
			);
			runOnlyForDeploymentPostprocessing = 0;
			shellPath = /bin/sh;
			shellScript = "\"${SRCROOT}/Pods/Target Support Files/Pods/Pods-frameworks.sh\"\n";
			showEnvVarsInLog = 0;
		};
		BDC8B2120B65CDF8B3463BAC /* Copy Pods Resources */ = {
			isa = PBXShellScriptBuildPhase;
			buildActionMask = 2147483647;
			files = (
			);
			inputPaths = (
			);
			name = "Copy Pods Resources";
			outputPaths = (
			);
			runOnlyForDeploymentPostprocessing = 0;
			shellPath = /bin/sh;
			shellScript = "\"${SRCROOT}/Pods/Target Support Files/Pods/Pods-resources.sh\"\n";
			showEnvVarsInLog = 0;
		};
/* End PBXShellScriptBuildPhase section */

/* Begin PBXSourcesBuildPhase section */
		594F0D991BBA634D0000DFCB /* Sources */ = {
			isa = PBXSourcesBuildPhase;
			buildActionMask = 2147483647;
			files = (
				594F0DDE1BBA65530000DFCB /* UIImage+JDUtils.m in Sources */,
				594F0DDB1BBA65530000DFCB /* NSDate+JDUtils.m in Sources */,
				594F0DA91BBA634D0000DFCB /* ViewController.m in Sources */,
				594F0DE11BBA65530000DFCB /* JDMisc.m in Sources */,
				594F0DA61BBA634D0000DFCB /* AppDelegate.m in Sources */,
				594F0DA31BBA634D0000DFCB /* main.m in Sources */,
				59DDDE671BF6D55F000920E3 /* UIDevice+JDUtils.m in Sources */,
				594F0DDC1BBA65530000DFCB /* NSString+JDUtils.m in Sources */,
				594F0DDF1BBA65530000DFCB /* UIView+JDUtils.m in Sources */,
				594F0DE01BBA65530000DFCB /* UIViewController+JDUtils.m in Sources */,
				594F0DE51BBA7B910000DFCB /* JDMessageCenter.m in Sources */,
				59DF3CF81BF339F800572C4D /* JDNetworkRequest.m in Sources */,
				7CFAC26A1BEF885B00CF5988 /* UINavigationController+JDUtils.m in Sources */,
				59D909C71BF5FD740070B13F /* JDDemoTableViewController.m in Sources */,
				594F0DDD1BBA65530000DFCB /* UIButton+JDUtils.m in Sources */,
			);
			runOnlyForDeploymentPostprocessing = 0;
		};
		594F0DB21BBA634D0000DFCB /* Sources */ = {
			isa = PBXSourcesBuildPhase;
			buildActionMask = 2147483647;
			files = (
				594F0DBD1BBA634D0000DFCB /* JDDemoTests.m in Sources */,
			);
			runOnlyForDeploymentPostprocessing = 0;
		};
/* End PBXSourcesBuildPhase section */

/* Begin PBXTargetDependency section */
		594F0DB81BBA634D0000DFCB /* PBXTargetDependency */ = {
			isa = PBXTargetDependency;
			target = 594F0D9C1BBA634D0000DFCB /* JDDemo */;
			targetProxy = 594F0DB71BBA634D0000DFCB /* PBXContainerItemProxy */;
		};
/* End PBXTargetDependency section */

/* Begin PBXVariantGroup section */
		594F0DAA1BBA634D0000DFCB /* Main.storyboard */ = {
			isa = PBXVariantGroup;
			children = (
				594F0DAB1BBA634D0000DFCB /* Base */,
			);
			name = Main.storyboard;
			sourceTree = "<group>";
		};
		594F0DAF1BBA634D0000DFCB /* LaunchScreen.xib */ = {
			isa = PBXVariantGroup;
			children = (
				594F0DB01BBA634D0000DFCB /* Base */,
			);
			name = LaunchScreen.xib;
			sourceTree = "<group>";
		};
/* End PBXVariantGroup section */

/* Begin XCBuildConfiguration section */
		594F0DBE1BBA634D0000DFCB /* Debug */ = {
			isa = XCBuildConfiguration;
			buildSettings = {
				ALWAYS_SEARCH_USER_PATHS = NO;
				CLANG_CXX_LANGUAGE_STANDARD = "gnu++0x";
				CLANG_CXX_LIBRARY = "libc++";
				CLANG_ENABLE_MODULES = YES;
				CLANG_ENABLE_OBJC_ARC = YES;
				CLANG_WARN_BOOL_CONVERSION = YES;
				CLANG_WARN_CONSTANT_CONVERSION = YES;
				CLANG_WARN_DIRECT_OBJC_ISA_USAGE = YES_ERROR;
				CLANG_WARN_EMPTY_BODY = YES;
				CLANG_WARN_ENUM_CONVERSION = YES;
				CLANG_WARN_INT_CONVERSION = YES;
				CLANG_WARN_OBJC_ROOT_CLASS = YES_ERROR;
				CLANG_WARN_UNREACHABLE_CODE = YES;
				CLANG_WARN__DUPLICATE_METHOD_MATCH = YES;
				"CODE_SIGN_IDENTITY[sdk=iphoneos*]" = "iPhone Developer";
				COPY_PHASE_STRIP = NO;
				DEBUG_INFORMATION_FORMAT = "dwarf-with-dsym";
				ENABLE_STRICT_OBJC_MSGSEND = YES;
				GCC_C_LANGUAGE_STANDARD = gnu99;
				GCC_DYNAMIC_NO_PIC = NO;
				GCC_NO_COMMON_BLOCKS = YES;
				GCC_OPTIMIZATION_LEVEL = 0;
				GCC_PREPROCESSOR_DEFINITIONS = (
					"DEBUG=1",
					"$(inherited)",
				);
				GCC_SYMBOLS_PRIVATE_EXTERN = NO;
				GCC_WARN_64_TO_32_BIT_CONVERSION = YES;
				GCC_WARN_ABOUT_RETURN_TYPE = YES_ERROR;
				GCC_WARN_UNDECLARED_SELECTOR = YES;
				GCC_WARN_UNINITIALIZED_AUTOS = YES_AGGRESSIVE;
				GCC_WARN_UNUSED_FUNCTION = YES;
				GCC_WARN_UNUSED_VARIABLE = YES;
				IPHONEOS_DEPLOYMENT_TARGET = 8.4;
				MTL_ENABLE_DEBUG_INFO = YES;
				ONLY_ACTIVE_ARCH = YES;
				SDKROOT = iphoneos;
			};
			name = Debug;
		};
		594F0DBF1BBA634D0000DFCB /* Release */ = {
			isa = XCBuildConfiguration;
			buildSettings = {
				ALWAYS_SEARCH_USER_PATHS = NO;
				CLANG_CXX_LANGUAGE_STANDARD = "gnu++0x";
				CLANG_CXX_LIBRARY = "libc++";
				CLANG_ENABLE_MODULES = YES;
				CLANG_ENABLE_OBJC_ARC = YES;
				CLANG_WARN_BOOL_CONVERSION = YES;
				CLANG_WARN_CONSTANT_CONVERSION = YES;
				CLANG_WARN_DIRECT_OBJC_ISA_USAGE = YES_ERROR;
				CLANG_WARN_EMPTY_BODY = YES;
				CLANG_WARN_ENUM_CONVERSION = YES;
				CLANG_WARN_INT_CONVERSION = YES;
				CLANG_WARN_OBJC_ROOT_CLASS = YES_ERROR;
				CLANG_WARN_UNREACHABLE_CODE = YES;
				CLANG_WARN__DUPLICATE_METHOD_MATCH = YES;
				"CODE_SIGN_IDENTITY[sdk=iphoneos*]" = "iPhone Developer";
				COPY_PHASE_STRIP = NO;
				DEBUG_INFORMATION_FORMAT = "dwarf-with-dsym";
				ENABLE_NS_ASSERTIONS = NO;
				ENABLE_STRICT_OBJC_MSGSEND = YES;
				GCC_C_LANGUAGE_STANDARD = gnu99;
				GCC_NO_COMMON_BLOCKS = YES;
				GCC_WARN_64_TO_32_BIT_CONVERSION = YES;
				GCC_WARN_ABOUT_RETURN_TYPE = YES_ERROR;
				GCC_WARN_UNDECLARED_SELECTOR = YES;
				GCC_WARN_UNINITIALIZED_AUTOS = YES_AGGRESSIVE;
				GCC_WARN_UNUSED_FUNCTION = YES;
				GCC_WARN_UNUSED_VARIABLE = YES;
				IPHONEOS_DEPLOYMENT_TARGET = 8.4;
				MTL_ENABLE_DEBUG_INFO = NO;
				SDKROOT = iphoneos;
				VALIDATE_PRODUCT = YES;
			};
			name = Release;
		};
		594F0DC11BBA634D0000DFCB /* Debug */ = {
			isa = XCBuildConfiguration;
			baseConfigurationReference = 1A0A4D42A13AD5FB06E7B052 /* Pods.debug.xcconfig */;
			buildSettings = {
				ASSETCATALOG_COMPILER_APPICON_NAME = AppIcon;
				INFOPLIST_FILE = JDDemo/Info.plist;
				LD_RUNPATH_SEARCH_PATHS = "$(inherited) @executable_path/Frameworks";
				PRODUCT_NAME = "$(TARGET_NAME)";
			};
			name = Debug;
		};
		594F0DC21BBA634D0000DFCB /* Release */ = {
			isa = XCBuildConfiguration;
			baseConfigurationReference = D4928E19DD71DE72A3868E9E /* Pods.release.xcconfig */;
			buildSettings = {
				ASSETCATALOG_COMPILER_APPICON_NAME = AppIcon;
				INFOPLIST_FILE = JDDemo/Info.plist;
				LD_RUNPATH_SEARCH_PATHS = "$(inherited) @executable_path/Frameworks";
				PRODUCT_NAME = "$(TARGET_NAME)";
			};
			name = Release;
		};
		594F0DC41BBA634D0000DFCB /* Debug */ = {
			isa = XCBuildConfiguration;
			buildSettings = {
				BUNDLE_LOADER = "$(TEST_HOST)";
				FRAMEWORK_SEARCH_PATHS = (
					"$(SDKROOT)/Developer/Library/Frameworks",
					"$(inherited)",
				);
				GCC_PREPROCESSOR_DEFINITIONS = (
					"DEBUG=1",
					"$(inherited)",
				);
				INFOPLIST_FILE = JDDemoTests/Info.plist;
				LD_RUNPATH_SEARCH_PATHS = "$(inherited) @executable_path/Frameworks @loader_path/Frameworks";
				PRODUCT_NAME = "$(TARGET_NAME)";
				TEST_HOST = "$(BUILT_PRODUCTS_DIR)/JDDemo.app/JDDemo";
			};
			name = Debug;
		};
		594F0DC51BBA634D0000DFCB /* Release */ = {
			isa = XCBuildConfiguration;
			buildSettings = {
				BUNDLE_LOADER = "$(TEST_HOST)";
				FRAMEWORK_SEARCH_PATHS = (
					"$(SDKROOT)/Developer/Library/Frameworks",
					"$(inherited)",
				);
				INFOPLIST_FILE = JDDemoTests/Info.plist;
				LD_RUNPATH_SEARCH_PATHS = "$(inherited) @executable_path/Frameworks @loader_path/Frameworks";
				PRODUCT_NAME = "$(TARGET_NAME)";
				TEST_HOST = "$(BUILT_PRODUCTS_DIR)/JDDemo.app/JDDemo";
			};
			name = Release;
		};
/* End XCBuildConfiguration section */

/* Begin XCConfigurationList section */
		594F0D981BBA634D0000DFCB /* Build configuration list for PBXProject "JDDemo" */ = {
			isa = XCConfigurationList;
			buildConfigurations = (
				594F0DBE1BBA634D0000DFCB /* Debug */,
				594F0DBF1BBA634D0000DFCB /* Release */,
			);
			defaultConfigurationIsVisible = 0;
			defaultConfigurationName = Release;
		};
		594F0DC01BBA634D0000DFCB /* Build configuration list for PBXNativeTarget "JDDemo" */ = {
			isa = XCConfigurationList;
			buildConfigurations = (
				594F0DC11BBA634D0000DFCB /* Debug */,
				594F0DC21BBA634D0000DFCB /* Release */,
			);
			defaultConfigurationIsVisible = 0;
			defaultConfigurationName = Release;
		};
		594F0DC31BBA634D0000DFCB /* Build configuration list for PBXNativeTarget "JDDemoTests" */ = {
			isa = XCConfigurationList;
			buildConfigurations = (
				594F0DC41BBA634D0000DFCB /* Debug */,
				594F0DC51BBA634D0000DFCB /* Release */,
			);
			defaultConfigurationIsVisible = 0;
			defaultConfigurationName = Release;
		};
/* End XCConfigurationList section */
	};
	rootObject = 594F0D951BBA634D0000DFCB /* Project object */;
}
